
Microsoft Visual Studio Solution File, Format Version 12.00
# Visual Studio Version 17
VisualStudioVersion = 17.10.35027.167
MinimumVisualStudioVersion = 10.0.40219.1
Project("{FAE04EC0-301F-11D3-BF4B-00C04F79EFBC}") = "HW_18", "HW_18\HW_18.csproj", "{3F8AA1EA-871B-4ED7-8068-F5569A776ADB}"
EndProject
Global
	GlobalSection(SolutionConfigurationPlatforms) = preSolution
		Debug|Any CPU = Debug|Any CPU
		Release|Any CPU = Release|Any CPU
	EndGlobalSection
	GlobalSection(ProjectConfigurationPlatforms) = postSolution
		{3F8AA1EA-871B-4ED7-8068-F5569A776ADB}.Debug|Any CPU.ActiveCfg = Debug|Any CPU
		{3F8AA1EA-871B-4ED7-8068-F5569A776ADB}.Debug|Any CPU.Build.0 = Debug|Any CPU
		{3F8AA1EA-871B-4ED7-8068-F5569A776ADB}.Release|Any CPU.ActiveCfg = Release|Any CPU
		{3F8AA1EA-871B-4ED7-8068-F5569A776ADB}.Release|Any CPU.Build.0 = Release|Any CPU
	EndGlobalSection
	GlobalSection(SolutionProperties) = preSolution
		HideSolutionNode = FALSE
	EndGlobalSection
	GlobalSection(ExtensibilityGlobals) = postSolution
		SolutionGuid = {25CF51E4-393B-41C8-8830-A77D2EF5B5F3}
	EndGlobalSection
EndGlobal
